
Microsoft Visual Studio Solution File, Format Version 12.00
# Visual Studio Version 17
VisualStudioVersion = 17.2.32630.192
MinimumVisualStudioVersion = 10.0.40219.1
Project("{9A19103F-16F7-4668-BE54-9A1E7A4F7556}") = "Strategy - Start", "Observer - Start\Strategy - Start.csproj", "{E295F933-B3E9-4004-A0F2-6BD308D01E49}"
EndProject
Project("{9A19103F-16F7-4668-BE54-9A1E7A4F7556}") = "TestPizzaProject", "TestPizzaProject\TestPizzaProject.csproj", "{21F0CFE3-69D0-4D7E-BB9D-5F0F45FADFCE}"
EndProject
Global
	GlobalSection(SolutionConfigurationPlatforms) = preSolution
		Debug|Any CPU = Debug|Any CPU
		Release|Any CPU = Release|Any CPU
	EndGlobalSection
	GlobalSection(ProjectConfigurationPlatforms) = postSolution
		{E295F933-B3E9-4004-A0F2-6BD308D01E49}.Debug|Any CPU.ActiveCfg = Debug|Any CPU
		{E295F933-B3E9-4004-A0F2-6BD308D01E49}.Debug|Any CPU.Build.0 = Debug|Any CPU
		{E295F933-B3E9-4004-A0F2-6BD308D01E49}.Release|Any CPU.ActiveCfg = Release|Any CPU
		{E295F933-B3E9-4004-A0F2-6BD308D01E49}.Release|Any CPU.Build.0 = Release|Any CPU
		{21F0CFE3-69D0-4D7E-BB9D-5F0F45FADFCE}.Debug|Any CPU.ActiveCfg = Debug|Any CPU
		{21F0CFE3-69D0-4D7E-BB9D-5F0F45FADFCE}.Debug|Any CPU.Build.0 = Debug|Any CPU
		{21F0CFE3-69D0-4D7E-BB9D-5F0F45FADFCE}.Release|Any CPU.ActiveCfg = Release|Any CPU
		{21F0CFE3-69D0-4D7E-BB9D-5F0F45FADFCE}.Release|Any CPU.Build.0 = Release|Any CPU
	EndGlobalSection
	GlobalSection(SolutionProperties) = preSolution
		HideSolutionNode = FALSE
	EndGlobalSection
	GlobalSection(ExtensibilityGlobals) = postSolution
		SolutionGuid = {E8FBF8B8-F0C9-4A61-9D88-F62C1E3FFAFD}
	EndGlobalSection
EndGlobal
